
Microsoft Visual Studio Solution File, Format Version 12.00
# Visual Studio 14
VisualStudioVersion = 14.0.25123.0
MinimumVisualStudioVersion = 10.0.40219.1
Project("{FAE04EC0-301F-11D3-BF4B-00C04F79EFBC}") = "ScrapeLibrary", "ScrapeLibrary\ScrapeLibrary.csproj", "{E631971B-65DF-4EA6-9BED-FD6828508318}"
EndProject
Project("{FAE04EC0-301F-11D3-BF4B-00C04F79EFBC}") = "ScrapeClient", "ScrapeClient\ScrapeClient.csproj", "{60281AEE-0FD2-4FE2-87E5-FCE43FC91AB8}"
EndProject
Global
	GlobalSection(SolutionConfigurationPlatforms) = preSolution
		Debug|Any CPU = Debug|Any CPU
		Release|Any CPU = Release|Any CPU
	EndGlobalSection
	GlobalSection(ProjectConfigurationPlatforms) = postSolution
		{E631971B-65DF-4EA6-9BED-FD6828508318}.Debug|Any CPU.ActiveCfg = Debug|Any CPU
		{E631971B-65DF-4EA6-9BED-FD6828508318}.Debug|Any CPU.Build.0 = Debug|Any CPU
		{E631971B-65DF-4EA6-9BED-FD6828508318}.Release|Any CPU.ActiveCfg = Release|Any CPU
		{E631971B-65DF-4EA6-9BED-FD6828508318}.Release|Any CPU.Build.0 = Release|Any CPU
		{60281AEE-0FD2-4FE2-87E5-FCE43FC91AB8}.Debug|Any CPU.ActiveCfg = Debug|Any CPU
		{60281AEE-0FD2-4FE2-87E5-FCE43FC91AB8}.Debug|Any CPU.Build.0 = Debug|Any CPU
		{60281AEE-0FD2-4FE2-87E5-FCE43FC91AB8}.Release|Any CPU.ActiveCfg = Release|Any CPU
		{60281AEE-0FD2-4FE2-87E5-FCE43FC91AB8}.Release|Any CPU.Build.0 = Release|Any CPU
	EndGlobalSection
	GlobalSection(SolutionProperties) = preSolution
		HideSolutionNode = FALSE
	EndGlobalSection
EndGlobal
